
Microsoft Visual Studio Solution File, Format Version 12.00
# Blend for Visual Studio Version 17
VisualStudioVersion = 17.2.32616.157
MinimumVisualStudioVersion = 10.0.40219.1
Project("{9A19103F-16F7-4668-BE54-9A1E7A4F7556}") = "MyCalculator", "MyCalculator\MyCalculator.csproj", "{C6798B79-D5E6-4DC3-AD84-FF83C57E12CE}"
EndProject
Global
	GlobalSection(SolutionConfigurationPlatforms) = preSolution
		Debug|Any CPU = Debug|Any CPU
		Release|Any CPU = Release|Any CPU
	EndGlobalSection
	GlobalSection(ProjectConfigurationPlatforms) = postSolution
		{C6798B79-D5E6-4DC3-AD84-FF83C57E12CE}.Debug|Any CPU.ActiveCfg = Debug|Any CPU
		{C6798B79-D5E6-4DC3-AD84-FF83C57E12CE}.Debug|Any CPU.Build.0 = Debug|Any CPU
		{C6798B79-D5E6-4DC3-AD84-FF83C57E12CE}.Release|Any CPU.ActiveCfg = Release|Any CPU
		{C6798B79-D5E6-4DC3-AD84-FF83C57E12CE}.Release|Any CPU.Build.0 = Release|Any CPU
	EndGlobalSection
	GlobalSection(SolutionProperties) = preSolution
		HideSolutionNode = FALSE
	EndGlobalSection
	GlobalSection(ExtensibilityGlobals) = postSolution
		SolutionGuid = {F0A281B5-39F7-4232-8B52-D283840BF50D}
	EndGlobalSection
EndGlobal
